{
  "name": "asp.net",
  "version": "1.0.0",
  "lockfileVersion": 2,
  "requires": true,
  "packages": {
    "": {
      "name": "asp.net",
      "version": "1.0.0",
      "dependencies": {
        "bootstrap": "5.3.7",
        "jquery": "3.7.1",
        "magnific-popup": "1.2.0",
        "tabulator-tables": "6.3.1"
      }
    },
    "node_modules/@popperjs/core": {
      "version": "2.11.8",
      "resolved": "https://registry.npmjs.org/@popperjs/core/-/core-2.11.8.tgz",
      "integrity": "sha512-P1st0aksCrn9sGZhp8GMYwBnQsbvAWsZAX44oXNNvLHGqAOcoVxmjZiohstwQ7SqKnbR47akdNi+uleWD8+g6A==",
      "peer": true,
      "funding": {
        "type": "opencollective",
        "url": "https://opencollective.com/popperjs"
      }
    },
    "node_modules/bootstrap": {
      "version": "5.3.7",
      "resolved": "https://registry.npmjs.org/bootstrap/-/bootstrap-5.3.7.tgz",
      "integrity": "sha512-7KgiD8UHjfcPBHEpDNg+zGz8L3LqR3GVwqZiBRFX04a1BCArZOz1r2kjly2HQ0WokqTO0v1nF+QAt8dsW4lKlw==",
      "funding": [
        {
          "type": "github",
          "url": "https://github.com/sponsors/twbs"
        },
        {
          "type": "opencollective",
          "url": "https://opencollective.com/bootstrap"
        }
      ],
      "license": "MIT",
      "peerDependencies": {
        "@popperjs/core": "^2.11.8"
      }
    },
    "node_modules/jquery": {
      "version": "3.7.1",
      "resolved": "https://registry.npmjs.org/jquery/-/jquery-3.7.1.tgz",
      "integrity": "sha512-m4avr8yL8kmFN8psrbFFFmB/If14iN5o9nw/NgnnM+kybDJpRsAynV2BsfpTYrTRysYUdADVD7CkUUizgkpLfg=="
    },
    "node_modules/magnific-popup": {
      "version": "1.2.0",
      "resolved": "https://registry.npmjs.org/magnific-popup/-/magnific-popup-1.2.0.tgz",
      "integrity": "sha512-vkRTVPhQwUgmndX1086k4kMorkzf1XIjBhyL4eIiV8SAjUJQuAdgQEFtMEwbHRFhHOfXe+vcEkRKYLjRAFzMwg==",
      "engines": {
        "node": ">= 0.8.0"
      }
    },
    "node_modules/tabulator-tables": {
      "version": "6.3.1",
      "resolved": "https://registry.npmjs.org/tabulator-tables/-/tabulator-tables-6.3.1.tgz",
      "integrity": "sha512-qFW7kfadtcaISQIibKAIy0f3eeIXUVi8242Vly1iJfMD79kfEGzfczNuPBN/80hDxHzQJXYbmJ8VipI40hQtfA==",
      "license": "MIT"
    }
  },
  "dependencies": {
    "@popperjs/core": {
      "version": "2.11.8",
      "resolved": "https://registry.npmjs.org/@popperjs/core/-/core-2.11.8.tgz",
      "integrity": "sha512-P1st0aksCrn9sGZhp8GMYwBnQsbvAWsZAX44oXNNvLHGqAOcoVxmjZiohstwQ7SqKnbR47akdNi+uleWD8+g6A==",
      "peer": true
    },
    "bootstrap": {
      "version": "5.3.7",
      "resolved": "https://registry.npmjs.org/bootstrap/-/bootstrap-5.3.7.tgz",
      "integrity": "sha512-7KgiD8UHjfcPBHEpDNg+zGz8L3LqR3GVwqZiBRFX04a1BCArZOz1r2kjly2HQ0WokqTO0v1nF+QAt8dsW4lKlw==",
      "requires": {}
    },
    "jquery": {
      "version": "3.7.1",
      "resolved": "https://registry.npmjs.org/jquery/-/jquery-3.7.1.tgz",
      "integrity": "sha512-m4avr8yL8kmFN8psrbFFFmB/If14iN5o9nw/NgnnM+kybDJpRsAynV2BsfpTYrTRysYUdADVD7CkUUizgkpLfg=="
    },
    "magnific-popup": {
      "version": "1.2.0",
      "resolved": "https://registry.npmjs.org/magnific-popup/-/magnific-popup-1.2.0.tgz",
      "integrity": "sha512-vkRTVPhQwUgmndX1086k4kMorkzf1XIjBhyL4eIiV8SAjUJQuAdgQEFtMEwbHRFhHOfXe+vcEkRKYLjRAFzMwg=="
    },
    "tabulator-tables": {
      "version": "6.3.1",
      "resolved": "https://registry.npmjs.org/tabulator-tables/-/tabulator-tables-6.3.1.tgz",
      "integrity": "sha512-qFW7kfadtcaISQIibKAIy0f3eeIXUVi8242Vly1iJfMD79kfEGzfczNuPBN/80hDxHzQJXYbmJ8VipI40hQtfA=="
    }
  }
}
